
Microsoft Visual Studio Solution File, Format Version 12.00
# Visual Studio 15
VisualStudioVersion = 15.0.28307.489
MinimumVisualStudioVersion = 10.0.40219.1
Project("{9A19103F-16F7-4668-BE54-9A1E7A4F7556}") = "mhrs.Entity", "mhrs.Entity\mhrs.Entity.csproj", "{D6A07DF4-EBD7-4C76-A292-D819E75BE434}"
EndProject
Project("{9A19103F-16F7-4668-BE54-9A1E7A4F7556}") = "mhrs.Data", "mhrs.Data\mhrs.Data.csproj", "{8AA4EE1D-E039-48E2-9056-A7685F03BD6A}"
EndProject
Project("{FAE04EC0-301F-11D3-BF4B-00C04F79EFBC}") = "mhrs.WebApi", "mhrs.WebApi\mhrs.WebApi.csproj", "{71F50E91-7D0B-4F24-B420-45AE715FCB39}"
EndProject
Global
	GlobalSection(SolutionConfigurationPlatforms) = preSolution
		Debug|Any CPU = Debug|Any CPU
		Release|Any CPU = Release|Any CPU
	EndGlobalSection
	GlobalSection(ProjectConfigurationPlatforms) = postSolution
		{D6A07DF4-EBD7-4C76-A292-D819E75BE434}.Debug|Any CPU.ActiveCfg = Debug|Any CPU
		{D6A07DF4-EBD7-4C76-A292-D819E75BE434}.Debug|Any CPU.Build.0 = Debug|Any CPU
		{D6A07DF4-EBD7-4C76-A292-D819E75BE434}.Release|Any CPU.ActiveCfg = Release|Any CPU
		{D6A07DF4-EBD7-4C76-A292-D819E75BE434}.Release|Any CPU.Build.0 = Release|Any CPU
		{8AA4EE1D-E039-48E2-9056-A7685F03BD6A}.Debug|Any CPU.ActiveCfg = Debug|Any CPU
		{8AA4EE1D-E039-48E2-9056-A7685F03BD6A}.Debug|Any CPU.Build.0 = Debug|Any CPU
		{8AA4EE1D-E039-48E2-9056-A7685F03BD6A}.Release|Any CPU.ActiveCfg = Release|Any CPU
		{8AA4EE1D-E039-48E2-9056-A7685F03BD6A}.Release|Any CPU.Build.0 = Release|Any CPU
		{71F50E91-7D0B-4F24-B420-45AE715FCB39}.Debug|Any CPU.ActiveCfg = Debug|Any CPU
		{71F50E91-7D0B-4F24-B420-45AE715FCB39}.Debug|Any CPU.Build.0 = Debug|Any CPU
		{71F50E91-7D0B-4F24-B420-45AE715FCB39}.Release|Any CPU.ActiveCfg = Release|Any CPU
		{71F50E91-7D0B-4F24-B420-45AE715FCB39}.Release|Any CPU.Build.0 = Release|Any CPU
	EndGlobalSection
	GlobalSection(SolutionProperties) = preSolution
		HideSolutionNode = FALSE
	EndGlobalSection
	GlobalSection(ExtensibilityGlobals) = postSolution
		SolutionGuid = {8B9AB8F0-9104-46E9-85B1-5D1180F769A9}
	EndGlobalSection
EndGlobal
